Microsoft Visual Studio Solution File, Format Version 12.00
# Visual Studio Version 17
VisualStudioVersion = 17.5.2.0
MinimumVisualStudioVersion = 10.0.40219.1
Project("{2150E333-8FDC-42A3-9474-1A3956D46DE8}") = "lecture1", "lecture1", "{E0F23697-089F-16C9-9C3C-F3F371CBFA9D}"
EndProject
Project("{2150E333-8FDC-42A3-9474-1A3956D46DE8}") = "lecture2", "lecture2", "{383BEE8A-6B93-3605-2B8A-76DA5D9B6F21}"
EndProject
Project("{FAE04EC0-301F-11D3-BF4B-00C04F79EFBC}") = "lab1", "lecture1\lab1\lab1.csproj", "{6179D945-5034-89FA-0573-F45183023705}"
EndProject
Project("{FAE04EC0-301F-11D3-BF4B-00C04F79EFBC}") = "lab2", "lecture1\lab2\lab2.csproj", "{9642FA48-2B71-8D3B-95AB-382AB44D161E}"
EndProject
Project("{FAE04EC0-301F-11D3-BF4B-00C04F79EFBC}") = "lab3", "lecture1\lab3\lab3.csproj", "{10E8CDCE-DD47-1AA1-2ABB-8B5B13ED5C3D}"
EndProject
Project("{2150E333-8FDC-42A3-9474-1A3956D46DE8}") = "conditionalStatements", "conditionalStatements", "{8C273391-14D4-CC0E-C08F-31C07534BDF9}"
EndProject
Project("{FAE04EC0-301F-11D3-BF4B-00C04F79EFBC}") = "lab1", "lecture2\conditionalStatements\lab1\lab1.csproj", "{C088A18E-8946-865C-08AB-67C0122536B3}"
EndProject
Project("{FAE04EC0-301F-11D3-BF4B-00C04F79EFBC}") = "lab10", "lecture2\conditionalStatements\lab10\lab10.csproj", "{E526D722-2588-E7F4-1A30-9B94E152DDAB}"
EndProject
Project("{FAE04EC0-301F-11D3-BF4B-00C04F79EFBC}") = "lab11", "lecture2\conditionalStatements\lab11\lab11.csproj", "{5319AF7E-13B7-482C-F6D7-A5C101F3077F}"
EndProject
Project("{FAE04EC0-301F-11D3-BF4B-00C04F79EFBC}") = "lab12", "lecture2\conditionalStatements\lab12\lab12.csproj", "{0B6B610B-4F27-D87E-8DDB-87BB2C8C6D8A}"
EndProject
Project("{FAE04EC0-301F-11D3-BF4B-00C04F79EFBC}") = "lab13", "lecture2\conditionalStatements\lab13\lab13.csproj", "{9C4115BB-2183-29EE-E12F-676BAE0C2823}"
EndProject
Project("{FAE04EC0-301F-11D3-BF4B-00C04F79EFBC}") = "lab14", "lecture2\conditionalStatements\lab14\lab14.csproj", "{ED4A7436-6770-C530-890F-1082AC955996}"
EndProject
Project("{FAE04EC0-301F-11D3-BF4B-00C04F79EFBC}") = "lab15", "lecture2\conditionalStatements\lab15\lab15.csproj", "{5C7617A2-B1BE-F9F7-D6E2-42A778AA487F}"
EndProject
Project("{FAE04EC0-301F-11D3-BF4B-00C04F79EFBC}") = "lab2", "lecture2\conditionalStatements\lab2\lab2.csproj", "{A199E751-810F-B97E-D6D5-C9C3E8E942D5}"
EndProject
Project("{FAE04EC0-301F-11D3-BF4B-00C04F79EFBC}") = "lab3", "lecture2\conditionalStatements\lab3\lab3.csproj", "{06F6FE56-9269-67C3-1FD3-18F987A4BFCB}"
EndProject
Project("{FAE04EC0-301F-11D3-BF4B-00C04F79EFBC}") = "lab4", "lecture2\conditionalStatements\lab4\lab4.csproj", "{976D4F2F-5E17-9002-1F6F-285E49B034D2}"
EndProject
Project("{FAE04EC0-301F-11D3-BF4B-00C04F79EFBC}") = "lab5", "lecture2\conditionalStatements\lab5\lab5.csproj", "{56AD7B61-846F-86C2-D463-44A8A9D6F2C9}"
EndProject
Project("{FAE04EC0-301F-11D3-BF4B-00C04F79EFBC}") = "lab6", "lecture2\conditionalStatements\lab6\lab6.csproj", "{4D61BD41-5F23-D868-A449-EA0F129ACDE5}"
EndProject
Project("{FAE04EC0-301F-11D3-BF4B-00C04F79EFBC}") = "lab7", "lecture2\conditionalStatements\lab7\lab7.csproj", "{E6A47CF1-DF51-6E8D-9E11-34CB4873B18E}"
EndProject
Project("{FAE04EC0-301F-11D3-BF4B-00C04F79EFBC}") = "lab8", "lecture2\conditionalStatements\lab8\lab8.csproj", "{5D8F1F78-6AED-8C9B-59D0-16B784DA403D}"
EndProject
Project("{FAE04EC0-301F-11D3-BF4B-00C04F79EFBC}") = "lab9", "lecture2\conditionalStatements\lab9\lab9.csproj", "{FE73414C-D86C-BC7B-4304-34A2A68A9796}"
EndProject
Project("{2150E333-8FDC-42A3-9474-1A3956D46DE8}") = "loopandjump", "loopandjump", "{174A8FF4-0905-94E3-AB48-0A66640546F6}"
EndProject
Project("{FAE04EC0-301F-11D3-BF4B-00C04F79EFBC}") = "lab1", "lecture2\loopandjump\lab1\lab1.csproj", "{50F16D1A-019E-A0A0-6624-7A8FF45D0DE9}"
EndProject
Project("{FAE04EC0-301F-11D3-BF4B-00C04F79EFBC}") = "lab12", "lecture2\loopandjump\lab12\lab12.csproj", "{37A68DF6-3D62-A460-AE55-6547777B6767}"
EndProject
Project("{FAE04EC0-301F-11D3-BF4B-00C04F79EFBC}") = "lab14", "lecture2\loopandjump\lab14\lab14.csproj", "{3FA5E069-3250-E682-CEAB-CF884463BCC6}"
EndProject
Project("{FAE04EC0-301F-11D3-BF4B-00C04F79EFBC}") = "lab15", "lecture2\loopandjump\lab15\lab15.csproj", "{E20EE645-65A6-5686-E1E3-E1ACE84A5352}"
EndProject
Project("{FAE04EC0-301F-11D3-BF4B-00C04F79EFBC}") = "lab2", "lecture2\loopandjump\lab2\lab2.csproj", "{A345978A-09C8-5EC9-3181-2DEE01F0D99E}"
EndProject
Project("{FAE04EC0-301F-11D3-BF4B-00C04F79EFBC}") = "lab3", "lecture2\loopandjump\lab3\lab3.csproj", "{44D19167-D770-42B4-96CE-8845A48823A5}"
EndProject
Project("{FAE04EC0-301F-11D3-BF4B-00C04F79EFBC}") = "lab4", "lecture2\loopandjump\lab4\lab4.csproj", "{38745969-DCB6-2ABD-0A5B-A4BC4C138AF5}"
EndProject
Project("{FAE04EC0-301F-11D3-BF4B-00C04F79EFBC}") = "lab5", "lecture2\loopandjump\lab5\lab5.csproj", "{48BF1FBE-35C8-D9FA-2E3B-9F4AC1D599B0}"
EndProject
Project("{FAE04EC0-301F-11D3-BF4B-00C04F79EFBC}") = "lab6", "lecture2\loopandjump\lab6\lab6.csproj", "{8217AD46-CAD4-BEA7-A1C4-768A90B02602}"
EndProject
Project("{FAE04EC0-301F-11D3-BF4B-00C04F79EFBC}") = "lab7", "lecture2\loopandjump\lab7\lab7.csproj", "{9F81E2FF-9E97-482F-78A1-6C0298F4E9F2}"
EndProject
Project("{FAE04EC0-301F-11D3-BF4B-00C04F79EFBC}") = "lab8", "lecture2\loopandjump\lab8\lab8.csproj", "{D3E0A8B7-D701-B4DB-7C8C-B24EB996BDE8}"
EndProject
Project("{FAE04EC0-301F-11D3-BF4B-00C04F79EFBC}") = "lab9", "lecture2\loopandjump\lab9\lab9.csproj", "{EF44E32A-171A-70F7-3D04-C983ACE32B87}"
EndProject
Global
	GlobalSection(SolutionConfigurationPlatforms) = preSolution
		Debug|Any CPU = Debug|Any CPU
		Release|Any CPU = Release|Any CPU
	EndGlobalSection
	GlobalSection(ProjectConfigurationPlatforms) = postSolution
		{6179D945-5034-89FA-0573-F45183023705}.Debug|Any CPU.ActiveCfg = Debug|Any CPU
		{6179D945-5034-89FA-0573-F45183023705}.Debug|Any CPU.Build.0 = Debug|Any CPU
		{6179D945-5034-89FA-0573-F45183023705}.Release|Any CPU.ActiveCfg = Release|Any CPU
		{6179D945-5034-89FA-0573-F45183023705}.Release|Any CPU.Build.0 = Release|Any CPU
		{9642FA48-2B71-8D3B-95AB-382AB44D161E}.Debug|Any CPU.ActiveCfg = Debug|Any CPU
		{9642FA48-2B71-8D3B-95AB-382AB44D161E}.Debug|Any CPU.Build.0 = Debug|Any CPU
		{9642FA48-2B71-8D3B-95AB-382AB44D161E}.Release|Any CPU.ActiveCfg = Release|Any CPU
		{9642FA48-2B71-8D3B-95AB-382AB44D161E}.Release|Any CPU.Build.0 = Release|Any CPU
		{10E8CDCE-DD47-1AA1-2ABB-8B5B13ED5C3D}.Debug|Any CPU.ActiveCfg = Debug|Any CPU
		{10E8CDCE-DD47-1AA1-2ABB-8B5B13ED5C3D}.Debug|Any CPU.Build.0 = Debug|Any CPU
		{10E8CDCE-DD47-1AA1-2ABB-8B5B13ED5C3D}.Release|Any CPU.ActiveCfg = Release|Any CPU
		{10E8CDCE-DD47-1AA1-2ABB-8B5B13ED5C3D}.Release|Any CPU.Build.0 = Release|Any CPU
		{C088A18E-8946-865C-08AB-67C0122536B3}.Debug|Any CPU.ActiveCfg = Debug|Any CPU
		{C088A18E-8946-865C-08AB-67C0122536B3}.Debug|Any CPU.Build.0 = Debug|Any CPU
		{C088A18E-8946-865C-08AB-67C0122536B3}.Release|Any CPU.ActiveCfg = Release|Any CPU
		{C088A18E-8946-865C-08AB-67C0122536B3}.Release|Any CPU.Build.0 = Release|Any CPU
		{E526D722-2588-E7F4-1A30-9B94E152DDAB}.Debug|Any CPU.ActiveCfg = Debug|Any CPU
		{E526D722-2588-E7F4-1A30-9B94E152DDAB}.Debug|Any CPU.Build.0 = Debug|Any CPU
		{E526D722-2588-E7F4-1A30-9B94E152DDAB}.Release|Any CPU.ActiveCfg = Release|Any CPU
		{E526D722-2588-E7F4-1A30-9B94E152DDAB}.Release|Any CPU.Build.0 = Release|Any CPU
		{5319AF7E-13B7-482C-F6D7-A5C101F3077F}.Debug|Any CPU.ActiveCfg = Debug|Any CPU
		{5319AF7E-13B7-482C-F6D7-A5C101F3077F}.Debug|Any CPU.Build.0 = Debug|Any CPU
		{5319AF7E-13B7-482C-F6D7-A5C101F3077F}.Release|Any CPU.ActiveCfg = Release|Any CPU
		{5319AF7E-13B7-482C-F6D7-A5C101F3077F}.Release|Any CPU.Build.0 = Release|Any CPU
		{0B6B610B-4F27-D87E-8DDB-87BB2C8C6D8A}.Debug|Any CPU.ActiveCfg = Debug|Any CPU
		{0B6B610B-4F27-D87E-8DDB-87BB2C8C6D8A}.Debug|Any CPU.Build.0 = Debug|Any CPU
		{0B6B610B-4F27-D87E-8DDB-87BB2C8C6D8A}.Release|Any CPU.ActiveCfg = Release|Any CPU
		{0B6B610B-4F27-D87E-8DDB-87BB2C8C6D8A}.Release|Any CPU.Build.0 = Release|Any CPU
		{9C4115BB-2183-29EE-E12F-676BAE0C2823}.Debug|Any CPU.ActiveCfg = Debug|Any CPU
		{9C4115BB-2183-29EE-E12F-676BAE0C2823}.Debug|Any CPU.Build.0 = Debug|Any CPU
		{9C4115BB-2183-29EE-E12F-676BAE0C2823}.Release|Any CPU.ActiveCfg = Release|Any CPU
		{9C4115BB-2183-29EE-E12F-676BAE0C2823}.Release|Any CPU.Build.0 = Release|Any CPU
		{ED4A7436-6770-C530-890F-1082AC955996}.Debug|Any CPU.ActiveCfg = Debug|Any CPU
		{ED4A7436-6770-C530-890F-1082AC955996}.Debug|Any CPU.Build.0 = Debug|Any CPU
		{ED4A7436-6770-C530-890F-1082AC955996}.Release|Any CPU.ActiveCfg = Release|Any CPU
		{ED4A7436-6770-C530-890F-1082AC955996}.Release|Any CPU.Build.0 = Release|Any CPU
		{5C7617A2-B1BE-F9F7-D6E2-42A778AA487F}.Debug|Any CPU.ActiveCfg = Debug|Any CPU
		{5C7617A2-B1BE-F9F7-D6E2-42A778AA487F}.Debug|Any CPU.Build.0 = Debug|Any CPU
		{5C7617A2-B1BE-F9F7-D6E2-42A778AA487F}.Release|Any CPU.ActiveCfg = Release|Any CPU
		{5C7617A2-B1BE-F9F7-D6E2-42A778AA487F}.Release|Any CPU.Build.0 = Release|Any CPU
		{A199E751-810F-B97E-D6D5-C9C3E8E942D5}.Debug|Any CPU.ActiveCfg = Debug|Any CPU
		{A199E751-810F-B97E-D6D5-C9C3E8E942D5}.Debug|Any CPU.Build.0 = Debug|Any CPU
		{A199E751-810F-B97E-D6D5-C9C3E8E942D5}.Release|Any CPU.ActiveCfg = Release|Any CPU
		{A199E751-810F-B97E-D6D5-C9C3E8E942D5}.Release|Any CPU.Build.0 = Release|Any CPU
		{06F6FE56-9269-67C3-1FD3-18F987A4BFCB}.Debug|Any CPU.ActiveCfg = Debug|Any CPU
		{06F6FE56-9269-67C3-1FD3-18F987A4BFCB}.Debug|Any CPU.Build.0 = Debug|Any CPU
		{06F6FE56-9269-67C3-1FD3-18F987A4BFCB}.Release|Any CPU.ActiveCfg = Release|Any CPU
		{06F6FE56-9269-67C3-1FD3-18F987A4BFCB}.Release|Any CPU.Build.0 = Release|Any CPU
		{976D4F2F-5E17-9002-1F6F-285E49B034D2}.Debug|Any CPU.ActiveCfg = Debug|Any CPU
		{976D4F2F-5E17-9002-1F6F-285E49B034D2}.Debug|Any CPU.Build.0 = Debug|Any CPU
		{976D4F2F-5E17-9002-1F6F-285E49B034D2}.Release|Any CPU.ActiveCfg = Release|Any CPU
		{976D4F2F-5E17-9002-1F6F-285E49B034D2}.Release|Any CPU.Build.0 = Release|Any CPU
		{56AD7B61-846F-86C2-D463-44A8A9D6F2C9}.Debug|Any CPU.ActiveCfg = Debug|Any CPU
		{56AD7B61-846F-86C2-D463-44A8A9D6F2C9}.Debug|Any CPU.Build.0 = Debug|Any CPU
		{56AD7B61-846F-86C2-D463-44A8A9D6F2C9}.Release|Any CPU.ActiveCfg = Release|Any CPU
		{56AD7B61-846F-86C2-D463-44A8A9D6F2C9}.Release|Any CPU.Build.0 = Release|Any CPU
		{4D61BD41-5F23-D868-A449-EA0F129ACDE5}.Debug|Any CPU.ActiveCfg = Debug|Any CPU
		{4D61BD41-5F23-D868-A449-EA0F129ACDE5}.Debug|Any CPU.Build.0 = Debug|Any CPU
		{4D61BD41-5F23-D868-A449-EA0F129ACDE5}.Release|Any CPU.ActiveCfg = Release|Any CPU
		{4D61BD41-5F23-D868-A449-EA0F129ACDE5}.Release|Any CPU.Build.0 = Release|Any CPU
		{E6A47CF1-DF51-6E8D-9E11-34CB4873B18E}.Debug|Any CPU.ActiveCfg = Debug|Any CPU
		{E6A47CF1-DF51-6E8D-9E11-34CB4873B18E}.Debug|Any CPU.Build.0 = Debug|Any CPU
		{E6A47CF1-DF51-6E8D-9E11-34CB4873B18E}.Release|Any CPU.ActiveCfg = Release|Any CPU
		{E6A47CF1-DF51-6E8D-9E11-34CB4873B18E}.Release|Any CPU.Build.0 = Release|Any CPU
		{5D8F1F78-6AED-8C9B-59D0-16B784DA403D}.Debug|Any CPU.ActiveCfg = Debug|Any CPU
		{5D8F1F78-6AED-8C9B-59D0-16B784DA403D}.Debug|Any CPU.Build.0 = Debug|Any CPU
		{5D8F1F78-6AED-8C9B-59D0-16B784DA403D}.Release|Any CPU.ActiveCfg = Release|Any CPU
		{5D8F1F78-6AED-8C9B-59D0-16B784DA403D}.Release|Any CPU.Build.0 = Release|Any CPU
		{FE73414C-D86C-BC7B-4304-34A2A68A9796}.Debug|Any CPU.ActiveCfg = Debug|Any CPU
		{FE73414C-D86C-BC7B-4304-34A2A68A9796}.Debug|Any CPU.Build.0 = Debug|Any CPU
		{FE73414C-D86C-BC7B-4304-34A2A68A9796}.Release|Any CPU.ActiveCfg = Release|Any CPU
		{FE73414C-D86C-BC7B-4304-34A2A68A9796}.Release|Any CPU.Build.0 = Release|Any CPU
		{50F16D1A-019E-A0A0-6624-7A8FF45D0DE9}.Debug|Any CPU.ActiveCfg = Debug|Any CPU
		{50F16D1A-019E-A0A0-6624-7A8FF45D0DE9}.Debug|Any CPU.Build.0 = Debug|Any CPU
		{50F16D1A-019E-A0A0-6624-7A8FF45D0DE9}.Release|Any CPU.ActiveCfg = Release|Any CPU
		{50F16D1A-019E-A0A0-6624-7A8FF45D0DE9}.Release|Any CPU.Build.0 = Release|Any CPU
		{37A68DF6-3D62-A460-AE55-6547777B6767}.Debug|Any CPU.ActiveCfg = Debug|Any CPU
		{37A68DF6-3D62-A460-AE55-6547777B6767}.Debug|Any CPU.Build.0 = Debug|Any CPU
		{37A68DF6-3D62-A460-AE55-6547777B6767}.Release|Any CPU.ActiveCfg = Release|Any CPU
		{37A68DF6-3D62-A460-AE55-6547777B6767}.Release|Any CPU.Build.0 = Release|Any CPU
		{3FA5E069-3250-E682-CEAB-CF884463BCC6}.Debug|Any CPU.ActiveCfg = Debug|Any CPU
		{3FA5E069-3250-E682-CEAB-CF884463BCC6}.Debug|Any CPU.Build.0 = Debug|Any CPU
		{3FA5E069-3250-E682-CEAB-CF884463BCC6}.Release|Any CPU.ActiveCfg = Release|Any CPU
		{3FA5E069-3250-E682-CEAB-CF884463BCC6}.Release|Any CPU.Build.0 = Release|Any CPU
		{E20EE645-65A6-5686-E1E3-E1ACE84A5352}.Debug|Any CPU.ActiveCfg = Debug|Any CPU
		{E20EE645-65A6-5686-E1E3-E1ACE84A5352}.Debug|Any CPU.Build.0 = Debug|Any CPU
		{E20EE645-65A6-5686-E1E3-E1ACE84A5352}.Release|Any CPU.ActiveCfg = Release|Any CPU
		{E20EE645-65A6-5686-E1E3-E1ACE84A5352}.Release|Any CPU.Build.0 = Release|Any CPU
		{A345978A-09C8-5EC9-3181-2DEE01F0D99E}.Debug|Any CPU.ActiveCfg = Debug|Any CPU
		{A345978A-09C8-5EC9-3181-2DEE01F0D99E}.Debug|Any CPU.Build.0 = Debug|Any CPU
		{A345978A-09C8-5EC9-3181-2DEE01F0D99E}.Release|Any CPU.ActiveCfg = Release|Any CPU
		{A345978A-09C8-5EC9-3181-2DEE01F0D99E}.Release|Any CPU.Build.0 = Release|Any CPU
		{44D19167-D770-42B4-96CE-8845A48823A5}.Debug|Any CPU.ActiveCfg = Debug|Any CPU
		{44D19167-D770-42B4-96CE-8845A48823A5}.Debug|Any CPU.Build.0 = Debug|Any CPU
		{44D19167-D770-42B4-96CE-8845A48823A5}.Release|Any CPU.ActiveCfg = Release|Any CPU
		{44D19167-D770-42B4-96CE-8845A48823A5}.Release|Any CPU.Build.0 = Release|Any CPU
		{38745969-DCB6-2ABD-0A5B-A4BC4C138AF5}.Debug|Any CPU.ActiveCfg = Debug|Any CPU
		{38745969-DCB6-2ABD-0A5B-A4BC4C138AF5}.Debug|Any CPU.Build.0 = Debug|Any CPU
		{38745969-DCB6-2ABD-0A5B-A4BC4C138AF5}.Release|Any CPU.ActiveCfg = Release|Any CPU
		{38745969-DCB6-2ABD-0A5B-A4BC4C138AF5}.Release|Any CPU.Build.0 = Release|Any CPU
		{48BF1FBE-35C8-D9FA-2E3B-9F4AC1D599B0}.Debug|Any CPU.ActiveCfg = Debug|Any CPU
		{48BF1FBE-35C8-D9FA-2E3B-9F4AC1D599B0}.Debug|Any CPU.Build.0 = Debug|Any CPU
		{48BF1FBE-35C8-D9FA-2E3B-9F4AC1D599B0}.Release|Any CPU.ActiveCfg = Release|Any CPU
		{48BF1FBE-35C8-D9FA-2E3B-9F4AC1D599B0}.Release|Any CPU.Build.0 = Release|Any CPU
		{8217AD46-CAD4-BEA7-A1C4-768A90B02602}.Debug|Any CPU.ActiveCfg = Debug|Any CPU
		{8217AD46-CAD4-BEA7-A1C4-768A90B02602}.Debug|Any CPU.Build.0 = Debug|Any CPU
		{8217AD46-CAD4-BEA7-A1C4-768A90B02602}.Release|Any CPU.ActiveCfg = Release|Any CPU
		{8217AD46-CAD4-BEA7-A1C4-768A90B02602}.Release|Any CPU.Build.0 = Release|Any CPU
		{9F81E2FF-9E97-482F-78A1-6C0298F4E9F2}.Debug|Any CPU.ActiveCfg = Debug|Any CPU
		{9F81E2FF-9E97-482F-78A1-6C0298F4E9F2}.Debug|Any CPU.Build.0 = Debug|Any CPU
		{9F81E2FF-9E97-482F-78A1-6C0298F4E9F2}.Release|Any CPU.ActiveCfg = Release|Any CPU
		{9F81E2FF-9E97-482F-78A1-6C0298F4E9F2}.Release|Any CPU.Build.0 = Release|Any CPU
		{D3E0A8B7-D701-B4DB-7C8C-B24EB996BDE8}.Debug|Any CPU.ActiveCfg = Debug|Any CPU
		{D3E0A8B7-D701-B4DB-7C8C-B24EB996BDE8}.Debug|Any CPU.Build.0 = Debug|Any CPU
		{D3E0A8B7-D701-B4DB-7C8C-B24EB996BDE8}.Release|Any CPU.ActiveCfg = Release|Any CPU
		{D3E0A8B7-D701-B4DB-7C8C-B24EB996BDE8}.Release|Any CPU.Build.0 = Release|Any CPU
		{EF44E32A-171A-70F7-3D04-C983ACE32B87}.Debug|Any CPU.ActiveCfg = Debug|Any CPU
		{EF44E32A-171A-70F7-3D04-C983ACE32B87}.Debug|Any CPU.Build.0 = Debug|Any CPU
		{EF44E32A-171A-70F7-3D04-C983ACE32B87}.Release|Any CPU.ActiveCfg = Release|Any CPU
		{EF44E32A-171A-70F7-3D04-C983ACE32B87}.Release|Any CPU.Build.0 = Release|Any CPU
	EndGlobalSection
	GlobalSection(SolutionProperties) = preSolution
		HideSolutionNode = FALSE
	EndGlobalSection
	GlobalSection(NestedProjects) = preSolution
		{6179D945-5034-89FA-0573-F45183023705} = {E0F23697-089F-16C9-9C3C-F3F371CBFA9D}
		{9642FA48-2B71-8D3B-95AB-382AB44D161E} = {E0F23697-089F-16C9-9C3C-F3F371CBFA9D}
		{10E8CDCE-DD47-1AA1-2ABB-8B5B13ED5C3D} = {E0F23697-089F-16C9-9C3C-F3F371CBFA9D}
		{8C273391-14D4-CC0E-C08F-31C07534BDF9} = {383BEE8A-6B93-3605-2B8A-76DA5D9B6F21}
		{C088A18E-8946-865C-08AB-67C0122536B3} = {8C273391-14D4-CC0E-C08F-31C07534BDF9}
		{E526D722-2588-E7F4-1A30-9B94E152DDAB} = {8C273391-14D4-CC0E-C08F-31C07534BDF9}
		{5319AF7E-13B7-482C-F6D7-A5C101F3077F} = {8C273391-14D4-CC0E-C08F-31C07534BDF9}
		{0B6B610B-4F27-D87E-8DDB-87BB2C8C6D8A} = {8C273391-14D4-CC0E-C08F-31C07534BDF9}
		{9C4115BB-2183-29EE-E12F-676BAE0C2823} = {8C273391-14D4-CC0E-C08F-31C07534BDF9}
		{ED4A7436-6770-C530-890F-1082AC955996} = {8C273391-14D4-CC0E-C08F-31C07534BDF9}
		{5C7617A2-B1BE-F9F7-D6E2-42A778AA487F} = {8C273391-14D4-CC0E-C08F-31C07534BDF9}
		{A199E751-810F-B97E-D6D5-C9C3E8E942D5} = {8C273391-14D4-CC0E-C08F-31C07534BDF9}
		{06F6FE56-9269-67C3-1FD3-18F987A4BFCB} = {8C273391-14D4-CC0E-C08F-31C07534BDF9}
		{976D4F2F-5E17-9002-1F6F-285E49B034D2} = {8C273391-14D4-CC0E-C08F-31C07534BDF9}
		{56AD7B61-846F-86C2-D463-44A8A9D6F2C9} = {8C273391-14D4-CC0E-C08F-31C07534BDF9}
		{4D61BD41-5F23-D868-A449-EA0F129ACDE5} = {8C273391-14D4-CC0E-C08F-31C07534BDF9}
		{E6A47CF1-DF51-6E8D-9E11-34CB4873B18E} = {8C273391-14D4-CC0E-C08F-31C07534BDF9}
		{5D8F1F78-6AED-8C9B-59D0-16B784DA403D} = {8C273391-14D4-CC0E-C08F-31C07534BDF9}
		{FE73414C-D86C-BC7B-4304-34A2A68A9796} = {8C273391-14D4-CC0E-C08F-31C07534BDF9}
		{174A8FF4-0905-94E3-AB48-0A66640546F6} = {383BEE8A-6B93-3605-2B8A-76DA5D9B6F21}
		{50F16D1A-019E-A0A0-6624-7A8FF45D0DE9} = {174A8FF4-0905-94E3-AB48-0A66640546F6}
		{37A68DF6-3D62-A460-AE55-6547777B6767} = {174A8FF4-0905-94E3-AB48-0A66640546F6}
		{3FA5E069-3250-E682-CEAB-CF884463BCC6} = {174A8FF4-0905-94E3-AB48-0A66640546F6}
		{E20EE645-65A6-5686-E1E3-E1ACE84A5352} = {174A8FF4-0905-94E3-AB48-0A66640546F6}
		{A345978A-09C8-5EC9-3181-2DEE01F0D99E} = {174A8FF4-0905-94E3-AB48-0A66640546F6}
		{44D19167-D770-42B4-96CE-8845A48823A5} = {174A8FF4-0905-94E3-AB48-0A66640546F6}
		{38745969-DCB6-2ABD-0A5B-A4BC4C138AF5} = {174A8FF4-0905-94E3-AB48-0A66640546F6}
		{48BF1FBE-35C8-D9FA-2E3B-9F4AC1D599B0} = {174A8FF4-0905-94E3-AB48-0A66640546F6}
		{8217AD46-CAD4-BEA7-A1C4-768A90B02602} = {174A8FF4-0905-94E3-AB48-0A66640546F6}
		{9F81E2FF-9E97-482F-78A1-6C0298F4E9F2} = {174A8FF4-0905-94E3-AB48-0A66640546F6}
		{D3E0A8B7-D701-B4DB-7C8C-B24EB996BDE8} = {174A8FF4-0905-94E3-AB48-0A66640546F6}
		{EF44E32A-171A-70F7-3D04-C983ACE32B87} = {174A8FF4-0905-94E3-AB48-0A66640546F6}
	EndGlobalSection
	GlobalSection(ExtensibilityGlobals) = postSolution
		SolutionGuid = {F4C5E256-CE61-4301-BEFE-0EA364C4584D}
	EndGlobalSection
EndGlobal
