Microsoft Visual Studio Solution File, Format Version 12.00
# Visual Studio Version 17
VisualStudioVersion = 17.5.2.0
MinimumVisualStudioVersion = 10.0.40219.1
Project("{FAE04EC0-301F-11D3-BF4B-00C04F79EFBC}") = "XmlSeriealization", "XmlSeriealization\XmlSeriealization.csproj", "{9198E94E-E7E2-B077-3D0B-A1F5756AA9DD}"
EndProject
Global
	GlobalSection(SolutionConfigurationPlatforms) = preSolution
		Debug|Any CPU = Debug|Any CPU
		Release|Any CPU = Release|Any CPU
	EndGlobalSection
	GlobalSection(ProjectConfigurationPlatforms) = postSolution
		{9198E94E-E7E2-B077-3D0B-A1F5756AA9DD}.Debug|Any CPU.ActiveCfg = Debug|Any CPU
		{9198E94E-E7E2-B077-3D0B-A1F5756AA9DD}.Debug|Any CPU.Build.0 = Debug|Any CPU
		{9198E94E-E7E2-B077-3D0B-A1F5756AA9DD}.Release|Any CPU.ActiveCfg = Release|Any CPU
		{9198E94E-E7E2-B077-3D0B-A1F5756AA9DD}.Release|Any CPU.Build.0 = Release|Any CPU
	EndGlobalSection
	GlobalSection(SolutionProperties) = preSolution
		HideSolutionNode = FALSE
	EndGlobalSection
	GlobalSection(ExtensibilityGlobals) = postSolution
		SolutionGuid = {896712F3-B4E8-4C96-AA34-06C12AB39350}
	EndGlobalSection
EndGlobal
